
Microsoft Visual Studio Solution File, Format Version 12.00
# Visual Studio Version 17
VisualStudioVersion = 17.4.33110.190
MinimumVisualStudioVersion = 10.0.40219.1
Project("{8BC9CEB8-8B4A-11D0-8D11-00A0C91BC942}") = "Task 11.2", "Task 11.2\Task 11.2.vcxproj", "{C8652061-3CD2-4FC5-943E-6CD109C452D7}"
EndProject
Global
	GlobalSection(SolutionConfigurationPlatforms) = preSolution
		Debug|x64 = Debug|x64
		Debug|x86 = Debug|x86
		Release|x64 = Release|x64
		Release|x86 = Release|x86
	EndGlobalSection
	GlobalSection(ProjectConfigurationPlatforms) = postSolution
		{C8652061-3CD2-4FC5-943E-6CD109C452D7}.Debug|x64.ActiveCfg = Debug|x64
		{C8652061-3CD2-4FC5-943E-6CD109C452D7}.Debug|x64.Build.0 = Debug|x64
		{C8652061-3CD2-4FC5-943E-6CD109C452D7}.Debug|x86.ActiveCfg = Debug|Win32
		{C8652061-3CD2-4FC5-943E-6CD109C452D7}.Debug|x86.Build.0 = Debug|Win32
		{C8652061-3CD2-4FC5-943E-6CD109C452D7}.Release|x64.ActiveCfg = Release|x64
		{C8652061-3CD2-4FC5-943E-6CD109C452D7}.Release|x64.Build.0 = Release|x64
		{C8652061-3CD2-4FC5-943E-6CD109C452D7}.Release|x86.ActiveCfg = Release|Win32
		{C8652061-3CD2-4FC5-943E-6CD109C452D7}.Release|x86.Build.0 = Release|Win32
	EndGlobalSection
	GlobalSection(SolutionProperties) = preSolution
		HideSolutionNode = FALSE
	EndGlobalSection
	GlobalSection(ExtensibilityGlobals) = postSolution
		SolutionGuid = {02984F08-FBB3-47C1-A526-15276AE66F73}
	EndGlobalSection
EndGlobal
